
Microsoft Visual Studio Solution File, Format Version 12.00
# Visual Studio Express 2012 for Windows Desktop
Project("{FAE04EC0-301F-11D3-BF4B-00C04F79EFBC}") = "operatorClient", "operatorClient\operatorClient.csproj", "{7F1BB19E-75D4-4963-8356-7AFBF8916214}"
EndProject
Project("{FAE04EC0-301F-11D3-BF4B-00C04F79EFBC}") = "sharedFunctions", "sharedFunctions\sharedFunctions.csproj", "{207359FD-5AE3-433C-8F5E-7452C365E41B}"
EndProject
Project("{FAE04EC0-301F-11D3-BF4B-00C04F79EFBC}") = "targetClient", "targetClient\targetClient.csproj", "{2F0B61D0-3922-47CC-9E76-72DF923B37A1}"
EndProject
Project("{FAE04EC0-301F-11D3-BF4B-00C04F79EFBC}") = "targetLibrary", "targetLibrary\targetLibrary.csproj", "{A4F9FD1F-B61C-4F84-B424-B474910902FD}"
EndProject
Global
	GlobalSection(SolutionConfigurationPlatforms) = preSolution
		Debug|Any CPU = Debug|Any CPU
		Release|Any CPU = Release|Any CPU
	EndGlobalSection
	GlobalSection(ProjectConfigurationPlatforms) = postSolution
		{7F1BB19E-75D4-4963-8356-7AFBF8916214}.Debug|Any CPU.ActiveCfg = Debug|Any CPU
		{7F1BB19E-75D4-4963-8356-7AFBF8916214}.Debug|Any CPU.Build.0 = Debug|Any CPU
		{7F1BB19E-75D4-4963-8356-7AFBF8916214}.Release|Any CPU.ActiveCfg = Release|Any CPU
		{7F1BB19E-75D4-4963-8356-7AFBF8916214}.Release|Any CPU.Build.0 = Release|Any CPU
		{207359FD-5AE3-433C-8F5E-7452C365E41B}.Debug|Any CPU.ActiveCfg = Debug|Any CPU
		{207359FD-5AE3-433C-8F5E-7452C365E41B}.Debug|Any CPU.Build.0 = Debug|Any CPU
		{207359FD-5AE3-433C-8F5E-7452C365E41B}.Release|Any CPU.ActiveCfg = Release|Any CPU
		{207359FD-5AE3-433C-8F5E-7452C365E41B}.Release|Any CPU.Build.0 = Release|Any CPU
		{2F0B61D0-3922-47CC-9E76-72DF923B37A1}.Debug|Any CPU.ActiveCfg = Debug|Any CPU
		{2F0B61D0-3922-47CC-9E76-72DF923B37A1}.Debug|Any CPU.Build.0 = Debug|Any CPU
		{2F0B61D0-3922-47CC-9E76-72DF923B37A1}.Release|Any CPU.ActiveCfg = Release|Any CPU
		{2F0B61D0-3922-47CC-9E76-72DF923B37A1}.Release|Any CPU.Build.0 = Release|Any CPU
		{A4F9FD1F-B61C-4F84-B424-B474910902FD}.Debug|Any CPU.ActiveCfg = Debug|Any CPU
		{A4F9FD1F-B61C-4F84-B424-B474910902FD}.Debug|Any CPU.Build.0 = Debug|Any CPU
		{A4F9FD1F-B61C-4F84-B424-B474910902FD}.Release|Any CPU.ActiveCfg = Release|Any CPU
		{A4F9FD1F-B61C-4F84-B424-B474910902FD}.Release|Any CPU.Build.0 = Release|Any CPU
	EndGlobalSection
	GlobalSection(SolutionProperties) = preSolution
		HideSolutionNode = FALSE
	EndGlobalSection
EndGlobal
